{
  "name": "miniprogram",
  "version": "1.0.0",
  "lockfileVersion": 1,
  "requires": true,
  "dependencies": {
    "parser-wxapp": {
      "version": "1.6.8",
      "resolved": "https://registry.npmjs.org/parser-wxapp/-/parser-wxapp-1.6.8.tgz",
      "integrity": "sha512-nX1sVGA0i6qafdRaHxs9qKmNxy6IV4vRBZAFwrFQ2h0qb5hpReBEmo/PULho1L3MzSHjkPloCaURjPvHm45UOA=="
    },
    "vant-weapp": {
      "version": "1.0.0-beta.0",
      "resolved": "https://registry.npmjs.org/vant-weapp/-/vant-weapp-1.0.0-beta.0.tgz",
      "integrity": "sha512-5lFcQfibygU1WTLe/54vICmOfuOPgdfh8M4rUJXUBT8v7gqrql3QNIjv2T9/cJn0Oh8xK4LRZckHmAr50HWr6g=="
    }
  }
}
